
Microsoft Visual Studio Solution File, Format Version 12.00
# Visual Studio Version 17
VisualStudioVersion = 17.13.35825.156
MinimumVisualStudioVersion = 10.0.40219.1
Project("{2150E333-8FDC-42A3-9474-1A3956D46DE8}") = "Src", "Src", "{02EA681E-C7D8-13C7-8484-4AC65E1B71E8}"
EndProject
Project("{2150E333-8FDC-42A3-9474-1A3956D46DE8}") = "ApiGateway", "ApiGateway", "{354C0227-7FF5-4D34-BC51-2F6B876543DA}"
EndProject
Project("{2150E333-8FDC-42A3-9474-1A3956D46DE8}") = "Services", "Services", "{5196C4E5-595A-4DBD-BD0B-DC1D46EB725B}"
EndProject
Project("{2150E333-8FDC-42A3-9474-1A3956D46DE8}") = "Shared", "Shared", "{327F8513-0B23-427C-9376-AA8C759CD699}"
EndProject
Project("{FAE04EC0-301F-11D3-BF4B-00C04F79EFBC}") = "LibraryApiGateway", "LibraryApiGateway\LibraryApiGateway.csproj", "{365FA85F-81CB-4612-AC58-0ADC84FEEC7B}"
EndProject
Project("{FAE04EC0-301F-11D3-BF4B-00C04F79EFBC}") = "UserService", "UserService\UserService.csproj", "{B9209BFD-1EEA-4094-AA01-B5F14C0FF212}"
EndProject
Project("{FAE04EC0-301F-11D3-BF4B-00C04F79EFBC}") = "BorrowService", "BorrowService\BorrowService.csproj", "{A205F9F9-4F1B-41EF-A2D3-F6F5A07C13C7}"
EndProject
Project("{FAE04EC0-301F-11D3-BF4B-00C04F79EFBC}") = "BookService", "BookService\BookService.csproj", "{F74CD94F-6C11-49D1-B682-F7E82706B8F6}"
EndProject
Project("{FAE04EC0-301F-11D3-BF4B-00C04F79EFBC}") = "LibraryShared", "LibraryShared\LibraryShared.csproj", "{61645FE2-3ACD-4E06-ABDB-DCAEAF5390F6}"
EndProject
Global
	GlobalSection(SolutionConfigurationPlatforms) = preSolution
		Debug|Any CPU = Debug|Any CPU
		Release|Any CPU = Release|Any CPU
	EndGlobalSection
	GlobalSection(ProjectConfigurationPlatforms) = postSolution
		{365FA85F-81CB-4612-AC58-0ADC84FEEC7B}.Debug|Any CPU.ActiveCfg = Debug|Any CPU
		{365FA85F-81CB-4612-AC58-0ADC84FEEC7B}.Debug|Any CPU.Build.0 = Debug|Any CPU
		{365FA85F-81CB-4612-AC58-0ADC84FEEC7B}.Release|Any CPU.ActiveCfg = Release|Any CPU
		{365FA85F-81CB-4612-AC58-0ADC84FEEC7B}.Release|Any CPU.Build.0 = Release|Any CPU
		{B9209BFD-1EEA-4094-AA01-B5F14C0FF212}.Debug|Any CPU.ActiveCfg = Debug|Any CPU
		{B9209BFD-1EEA-4094-AA01-B5F14C0FF212}.Debug|Any CPU.Build.0 = Debug|Any CPU
		{B9209BFD-1EEA-4094-AA01-B5F14C0FF212}.Release|Any CPU.ActiveCfg = Release|Any CPU
		{B9209BFD-1EEA-4094-AA01-B5F14C0FF212}.Release|Any CPU.Build.0 = Release|Any CPU
		{A205F9F9-4F1B-41EF-A2D3-F6F5A07C13C7}.Debug|Any CPU.ActiveCfg = Debug|Any CPU
		{A205F9F9-4F1B-41EF-A2D3-F6F5A07C13C7}.Debug|Any CPU.Build.0 = Debug|Any CPU
		{A205F9F9-4F1B-41EF-A2D3-F6F5A07C13C7}.Release|Any CPU.ActiveCfg = Release|Any CPU
		{A205F9F9-4F1B-41EF-A2D3-F6F5A07C13C7}.Release|Any CPU.Build.0 = Release|Any CPU
		{F74CD94F-6C11-49D1-B682-F7E82706B8F6}.Debug|Any CPU.ActiveCfg = Debug|Any CPU
		{F74CD94F-6C11-49D1-B682-F7E82706B8F6}.Debug|Any CPU.Build.0 = Debug|Any CPU
		{F74CD94F-6C11-49D1-B682-F7E82706B8F6}.Release|Any CPU.ActiveCfg = Release|Any CPU
		{F74CD94F-6C11-49D1-B682-F7E82706B8F6}.Release|Any CPU.Build.0 = Release|Any CPU
		{61645FE2-3ACD-4E06-ABDB-DCAEAF5390F6}.Debug|Any CPU.ActiveCfg = Debug|Any CPU
		{61645FE2-3ACD-4E06-ABDB-DCAEAF5390F6}.Debug|Any CPU.Build.0 = Debug|Any CPU
		{61645FE2-3ACD-4E06-ABDB-DCAEAF5390F6}.Release|Any CPU.ActiveCfg = Release|Any CPU
		{61645FE2-3ACD-4E06-ABDB-DCAEAF5390F6}.Release|Any CPU.Build.0 = Release|Any CPU
	EndGlobalSection
	GlobalSection(SolutionProperties) = preSolution
		HideSolutionNode = FALSE
	EndGlobalSection
	GlobalSection(NestedProjects) = preSolution
		{354C0227-7FF5-4D34-BC51-2F6B876543DA} = {02EA681E-C7D8-13C7-8484-4AC65E1B71E8}
		{5196C4E5-595A-4DBD-BD0B-DC1D46EB725B} = {02EA681E-C7D8-13C7-8484-4AC65E1B71E8}
		{327F8513-0B23-427C-9376-AA8C759CD699} = {02EA681E-C7D8-13C7-8484-4AC65E1B71E8}
		{365FA85F-81CB-4612-AC58-0ADC84FEEC7B} = {354C0227-7FF5-4D34-BC51-2F6B876543DA}
		{B9209BFD-1EEA-4094-AA01-B5F14C0FF212} = {5196C4E5-595A-4DBD-BD0B-DC1D46EB725B}
		{A205F9F9-4F1B-41EF-A2D3-F6F5A07C13C7} = {5196C4E5-595A-4DBD-BD0B-DC1D46EB725B}
		{F74CD94F-6C11-49D1-B682-F7E82706B8F6} = {5196C4E5-595A-4DBD-BD0B-DC1D46EB725B}
		{61645FE2-3ACD-4E06-ABDB-DCAEAF5390F6} = {327F8513-0B23-427C-9376-AA8C759CD699}
	EndGlobalSection
	GlobalSection(ExtensibilityGlobals) = postSolution
		SolutionGuid = {D97092D3-99C5-4BDB-A983-F2CEE2DC7EA0}
	EndGlobalSection
EndGlobal
